
Microsoft Visual Studio Solution File, Format Version 12.00
# Visual Studio 15
VisualStudioVersion = 15.0.27130.2024
MinimumVisualStudioVersion = 10.0.40219.1
Project("{FAE04EC0-301F-11D3-BF4B-00C04F79EFBC}") = "Jasmine.ArtWorks.Api", "Jasmine.ArtWorks.Api\Jasmine.ArtWorks.Api.csproj", "{621E8E0D-1B58-47F2-89E5-04F04DDCD290}"
EndProject
Global
	GlobalSection(SolutionConfigurationPlatforms) = preSolution
		Debug|Any CPU = Debug|Any CPU
		Release|Any CPU = Release|Any CPU
	EndGlobalSection
	GlobalSection(ProjectConfigurationPlatforms) = postSolution
		{621E8E0D-1B58-47F2-89E5-04F04DDCD290}.Debug|Any CPU.ActiveCfg = Debug|Any CPU
		{621E8E0D-1B58-47F2-89E5-04F04DDCD290}.Debug|Any CPU.Build.0 = Debug|Any CPU
		{621E8E0D-1B58-47F2-89E5-04F04DDCD290}.Release|Any CPU.ActiveCfg = Release|Any CPU
		{621E8E0D-1B58-47F2-89E5-04F04DDCD290}.Release|Any CPU.Build.0 = Release|Any CPU
	EndGlobalSection
	GlobalSection(SolutionProperties) = preSolution
		HideSolutionNode = FALSE
	EndGlobalSection
	GlobalSection(ExtensibilityGlobals) = postSolution
		SolutionGuid = {C0236248-40A4-47AF-BD95-D25815E81557}
	EndGlobalSection
EndGlobal
